# generated by rye
# use `rye lock` or `rye sync` to update this lockfile
#
# last locked with the following flags:
#   pre: false
#   features: []
#   all-features: false
#   with-sources: false
#   generate-hashes: false

-e file:.
annotated-types==0.7.0
    # via pydantic
certifi==2024.6.2
    # via requests
charset-normalizer==3.3.2
    # via requests
idna==3.7
    # via requests
loguru==0.7.2
    # via barchiver
pydantic==2.7.4
    # via pydantic-settings
pydantic-core==2.18.4
    # via pydantic
pydantic-settings==2.3.4
    # via barchiver
python-dotenv==1.0.1
    # via barchiver
    # via pydantic-settings
redis==5.0.6
    # via spotipy
requests==2.32.3
    # via spotipy
spotipy==2.24.0
    # via barchiver
typing-extensions==4.12.2
    # via pydantic
    # via pydantic-core
urllib3==2.2.2
    # via requests
    # via spotipy
